
Microsoft Visual Studio Solution File, Format Version 12.00
# Visual Studio Version 17
VisualStudioVersion = 17.8.34330.188
MinimumVisualStudioVersion = 10.0.40219.1
Project("{FAE04EC0-301F-11D3-BF4B-00C04F79EFBC}") = "UI", "UI\UI.csproj", "{1A465BB1-F27C-411C-82B0-C568D761E1D0}"
EndProject
Project("{FAE04EC0-301F-11D3-BF4B-00C04F79EFBC}") = "DA", "DA\DA.csproj", "{C497FC4C-6517-48BA-8BB7-824EA7B8DBB5}"
EndProject
Global
	GlobalSection(SolutionConfigurationPlatforms) = preSolution
		Debug|Any CPU = Debug|Any CPU
		Release|Any CPU = Release|Any CPU
	EndGlobalSection
	GlobalSection(ProjectConfigurationPlatforms) = postSolution
		{1A465BB1-F27C-411C-82B0-C568D761E1D0}.Debug|Any CPU.ActiveCfg = Debug|Any CPU
		{1A465BB1-F27C-411C-82B0-C568D761E1D0}.Debug|Any CPU.Build.0 = Debug|Any CPU
		{1A465BB1-F27C-411C-82B0-C568D761E1D0}.Release|Any CPU.ActiveCfg = Release|Any CPU
		{1A465BB1-F27C-411C-82B0-C568D761E1D0}.Release|Any CPU.Build.0 = Release|Any CPU
		{C497FC4C-6517-48BA-8BB7-824EA7B8DBB5}.Debug|Any CPU.ActiveCfg = Debug|Any CPU
		{C497FC4C-6517-48BA-8BB7-824EA7B8DBB5}.Debug|Any CPU.Build.0 = Debug|Any CPU
		{C497FC4C-6517-48BA-8BB7-824EA7B8DBB5}.Release|Any CPU.ActiveCfg = Release|Any CPU
		{C497FC4C-6517-48BA-8BB7-824EA7B8DBB5}.Release|Any CPU.Build.0 = Release|Any CPU
	EndGlobalSection
	GlobalSection(SolutionProperties) = preSolution
		HideSolutionNode = FALSE
	EndGlobalSection
	GlobalSection(ExtensibilityGlobals) = postSolution
		SolutionGuid = {34046435-D9C6-4D93-A6EE-14226CCFA4FC}
	EndGlobalSection
EndGlobal
